// !$*UTF8*$!
{
	archiveVersion = 1;
	classes = {
	};
	objectVersion = 50;
	objects = {

/* Begin PBXBuildFile section */
		99145B9422F94DF3008C0A69 /* AppDelegate.swift in Sources */ = {isa = PBXBuildFile; fileRef = 99145B9322F94DF3008C0A69 /* AppDelegate.swift */; };
		99145B9622F94DF3008C0A69 /* ViewController.swift in Sources */ = {isa = PBXBuildFile; fileRef = 99145B9522F94DF3008C0A69 /* ViewController.swift */; };
		99145B9922F94DF3008C0A69 /* Main.storyboard in Resources */ = {isa = PBXBuildFile; fileRef = 99145B9722F94DF3008C0A69 /* Main.storyboard */; };
		99145B9B22F94DF4008C0A69 /* Assets.xcassets in Resources */ = {isa = PBXBuildFile; fileRef = 99145B9A22F94DF4008C0A69 /* Assets.xcassets */; };
		99145B9E22F94DF4008C0A69 /* LaunchScreen.storyboard in Resources */ = {isa = PBXBuildFile; fileRef = 99145B9C22F94DF4008C0A69 /* LaunchScreen.storyboard */; };
		99145BA922F94DF5008C0A69 /* HelloWorldTests.swift in Sources */ = {isa = PBXBuildFile; fileRef = 99145BA822F94DF5008C0A69 /* HelloWorldTests.swift */; };
		99145BB422F94DF5008C0A69 /* HelloWorldUITests.swift in Sources */ = {isa = PBXBuildFile; fileRef = 99145BB322F94DF5008C0A69 /* HelloWorldUITests.swift */; };
		99145BC222F95A11008C0A69 /* Launch Screen2.storyboard in Resources */ = {isa = PBXBuildFile; fileRef = 99145BC122F95A11008C0A69 /* Launch Screen2.storyboard */; };
/* End PBXBuildFile section */

/* Begin PBXContainerItemProxy section */
		99145BA522F94DF5008C0A69 /* PBXContainerItemProxy */ = {
			isa = PBXContainerItemProxy;
			containerPortal = 99145B8822F94DF2008C0A69 /* Project object */;
			proxyType = 1;
			remoteGlobalIDString = 99145B8F22F94DF3008C0A69;
			remoteInfo = HelloWorld;
		};
		99145BB022F94DF5008C0A69 /* PBXContainerItemProxy */ = {
			isa = PBXContainerItemProxy;
			containerPortal = 99145B8822F94DF2008C0A69 /* Project object */;
			proxyType = 1;
			remoteGlobalIDString = 99145B8F22F94DF3008C0A69;
			remoteInfo = HelloWorld;
		};
/* End PBXContainerItemProxy section */

/* Begin PBXFileReference section */
		99145B9022F94DF3008C0A69 /* HelloWorld.app */ = {isa = PBXFileReference; explicitFileType = wrapper.application; includeInIndex = 0; path = HelloWorld.app; sourceTree = BUILT_PRODUCTS_DIR; };
		99145B9322F94DF3008C0A69 /* AppDelegate.swift */ = {isa = PBXFileReference; lastKnownFileType = sourcecode.swift; path = AppDelegate.swift; sourceTree = "<group>"; };
		99145B9522F94DF3008C0A69 /* ViewController.swift */ = {isa = PBXFileReference; lastKnownFileType = sourcecode.swift; path = ViewController.swift; sourceTree = "<group>"; };
		99145B9822F94DF3008C0A69 /* Base */ = {isa = PBXFileReference; lastKnownFileType = file.storyboard; name = Base; path = Base.lproj/Main.storyboard; sourceTree = "<group>"; };
		99145B9A22F94DF4008C0A69 /* Assets.xcassets */ = {isa = PBXFileReference; lastKnownFileType = folder.assetcatalog; path = Assets.xcassets; sourceTree = "<group>"; };
		99145B9D22F94DF4008C0A69 /* Base */ = {isa = PBXFileReference; lastKnownFileType = file.storyboard; name = Base; path = Base.lproj/LaunchScreen.storyboard; sourceTree = "<group>"; };
		99145B9F22F94DF4008C0A69 /* Info.plist */ = {isa = PBXFileReference; lastKnownFileType = text.plist.xml; path = Info.plist; sourceTree = "<group>"; };
		99145BA422F94DF5008C0A69 /* HelloWorldTests.xctest */ = {isa = PBXFileReference; explicitFileType = wrapper.cfbundle; includeInIndex = 0; path = HelloWorldTests.xctest; sourceTree = BUILT_PRODUCTS_DIR; };
		99145BA822F94DF5008C0A69 /* HelloWorldTests.swift */ = {isa = PBXFileReference; lastKnownFileType = sourcecode.swift; path = HelloWorldTests.swift; sourceTree = "<group>"; };
		99145BAA22F94DF5008C0A69 /* Info.plist */ = {isa = PBXFileReference; lastKnownFileType = text.plist.xml; path = Info.plist; sourceTree = "<group>"; };
		99145BAF22F94DF5008C0A69 /* HelloWorldUITests.xctest */ = {isa = PBXFileReference; explicitFileType = wrapper.cfbundle; includeInIndex = 0; path = HelloWorldUITests.xctest; sourceTree = BUILT_PRODUCTS_DIR; };
		99145BB322F94DF5008C0A69 /* HelloWorldUITests.swift */ = {isa = PBXFileReference; lastKnownFileType = sourcecode.swift; path = HelloWorldUITests.swift; sourceTree = "<group>"; };
		99145BB522F94DF5008C0A69 /* Info.plist */ = {isa = PBXFileReference; lastKnownFileType = text.plist.xml; path = Info.plist; sourceTree = "<group>"; };
		99145BC122F95A11008C0A69 /* Launch Screen2.storyboard */ = {isa = PBXFileReference; lastKnownFileType = file.storyboard; path = "Launch Screen2.storyboard"; sourceTree = "<group>"; };
/* End PBXFileReference section */

/* Begin PBXFrameworksBuildPhase section */
		99145B8D22F94DF3008C0A69 /* Frameworks */ = {
			isa = PBXFrameworksBuildPhase;
			buildActionMask = 2147483647;
			files = (
			);
			runOnlyForDeploymentPostprocessing = 0;
		};
		99145BA122F94DF5008C0A69 /* Frameworks */ = {
			isa = PBXFrameworksBuildPhase;
			buildActionMask = 2147483647;
			files = (
			);
			runOnlyForDeploymentPostprocessing = 0;
		};
		99145BAC22F94DF5008C0A69 /* Frameworks */ = {
			isa = PBXFrameworksBuildPhase;
			buildActionMask = 2147483647;
			files = (
			);
			runOnlyForDeploymentPostprocessing = 0;
		};
/* End PBXFrameworksBuildPhase section */

/* Begin PBXGroup section */
		99145B8722F94DF2008C0A69 = {
			isa = PBXGroup;
			children = (
				99145BC122F95A11008C0A69 /* Launch Screen2.storyboard */,
				99145B9222F94DF3008C0A69 /* HelloWorld */,
				99145BA722F94DF5008C0A69 /* HelloWorldTests */,
				99145BB222F94DF5008C0A69 /* HelloWorldUITests */,
				99145B9122F94DF3008C0A69 /* Products */,
			);
			sourceTree = "<group>";
		};
		99145B9122F94DF3008C0A69 /* Products */ = {
			isa = PBXGroup;
			children = (
				99145B9022F94DF3008C0A69 /* HelloWorld.app */,
				99145BA422F94DF5008C0A69 /* HelloWorldTests.xctest */,
				99145BAF22F94DF5008C0A69 /* HelloWorldUITests.xctest */,
			);
			name = Products;
			sourceTree = "<group>";
		};
		99145B9222F94DF3008C0A69 /* HelloWorld */ = {
			isa = PBXGroup;
			children = (
				99145B9322F94DF3008C0A69 /* AppDelegate.swift */,
				99145B9522F94DF3008C0A69 /* ViewController.swift */,
				99145B9722F94DF3008C0A69 /* Main.storyboard */,
				99145B9A22F94DF4008C0A69 /* Assets.xcassets */,
				99145B9C22F94DF4008C0A69 /* LaunchScreen.storyboard */,
				99145B9F22F94DF4008C0A69 /* Info.plist */,
			);
			path = HelloWorld;
			sourceTree = "<group>";
		};
		99145BA722F94DF5008C0A69 /* HelloWorldTests */ = {
			isa = PBXGroup;
			children = (
				99145BA822F94DF5008C0A69 /* HelloWorldTests.swift */,
				99145BAA22F94DF5008C0A69 /* Info.plist */,
			);
			path = HelloWorldTests;
			sourceTree = "<group>";
		};
		99145BB222F94DF5008C0A69 /* HelloWorldUITests */ = {
			isa = PBXGroup;
			children = (
				99145BB322F94DF5008C0A69 /* HelloWorldUITests.swift */,
				99145BB522F94DF5008C0A69 /* Info.plist */,
			);
			path = HelloWorldUITests;
			sourceTree = "<group>";
		};
/* End PBXGroup section */

/* Begin PBXNativeTarget section */
		99145B8F22F94DF3008C0A69 /* HelloWorld */ = {
			isa = PBXNativeTarget;
			buildConfigurationList = 99145BB822F94DF5008C0A69 /* Build configuration list for PBXNativeTarget "HelloWorld" */;
			buildPhases = (
				99145B8C22F94DF3008C0A69 /* Sources */,
				99145B8D22F94DF3008C0A69 /* Frameworks */,
				99145B8E22F94DF3008C0A69 /* Resources */,
			);
			buildRules = (
			);
			dependencies = (
			);
			name = HelloWorld;
			productName = HelloWorld;
			productReference = 99145B9022F94DF3008C0A69 /* HelloWorld.app */;
			productType = "com.apple.product-type.application";
		};
		99145BA322F94DF5008C0A69 /* HelloWorldTests */ = {
			isa = PBXNativeTarget;
			buildConfigurationList = 99145BBB22F94DF5008C0A69 /* Build configuration list for PBXNativeTarget "HelloWorldTests" */;
			buildPhases = (
				99145BA022F94DF5008C0A69 /* Sources */,
				99145BA122F94DF5008C0A69 /* Frameworks */,
				99145BA222F94DF5008C0A69 /* Resources */,
			);
			buildRules = (
			);
			dependencies = (
				99145BA622F94DF5008C0A69 /* PBXTargetDependency */,
			);
			name = HelloWorldTests;
			productName = HelloWorldTests;
			productReference = 99145BA422F94DF5008C0A69 /* HelloWorldTests.xctest */;
			productType = "com.apple.product-type.bundle.unit-test";
		};
		99145BAE22F94DF5008C0A69 /* HelloWorldUITests */ = {
			isa = PBXNativeTarget;
			buildConfigurationList = 99145BBE22F94DF5008C0A69 /* Build configuration list for PBXNativeTarget "HelloWorldUITests" */;
			buildPhases = (
				99145BAB22F94DF5008C0A69 /* Sources */,
				99145BAC22F94DF5008C0A69 /* Frameworks */,
				99145BAD22F94DF5008C0A69 /* Resources */,
			);
			buildRules = (
			);
			dependencies = (
				99145BB122F94DF5008C0A69 /* PBXTargetDependency */,
			);
			name = HelloWorldUITests;
			productName = HelloWorldUITests;
			productReference = 99145BAF22F94DF5008C0A69 /* HelloWorldUITests.xctest */;
			productType = "com.apple.product-type.bundle.ui-testing";
		};
/* End PBXNativeTarget section */

/* Begin PBXProject section */
		99145B8822F94DF2008C0A69 /* Project object */ = {
			isa = PBXProject;
			attributes = {
				LastSwiftUpdateCheck = 1030;
				LastUpgradeCheck = 1030;
				ORGANIZATIONNAME = "장재호";
				TargetAttributes = {
					99145B8F22F94DF3008C0A69 = {
						CreatedOnToolsVersion = 10.3;
					};
					99145BA322F94DF5008C0A69 = {
						CreatedOnToolsVersion = 10.3;
						TestTargetID = 99145B8F22F94DF3008C0A69;
					};
					99145BAE22F94DF5008C0A69 = {
						CreatedOnToolsVersion = 10.3;
						TestTargetID = 99145B8F22F94DF3008C0A69;
					};
				};
			};
			buildConfigurationList = 99145B8B22F94DF2008C0A69 /* Build configuration list for PBXProject "HelloWorld" */;
			compatibilityVersion = "Xcode 9.3";
			developmentRegion = en;
			hasScannedForEncodings = 0;
			knownRegions = (
				en,
				Base,
			);
			mainGroup = 99145B8722F94DF2008C0A69;
			productRefGroup = 99145B9122F94DF3008C0A69 /* Products */;
			projectDirPath = "";
			projectRoot = "";
			targets = (
				99145B8F22F94DF3008C0A69 /* HelloWorld */,
				99145BA322F94DF5008C0A69 /* HelloWorldTests */,
				99145BAE22F94DF5008C0A69 /* HelloWorldUITests */,
			);
		};
/* End PBXProject section */

/* Begin PBXResourcesBuildPhase section */
		99145B8E22F94DF3008C0A69 /* Resources */ = {
			isa = PBXResourcesBuildPhase;
			buildActionMask = 2147483647;
			files = (
				99145B9E22F94DF4008C0A69 /* LaunchScreen.storyboard in Resources */,
				99145BC222F95A11008C0A69 /* Launch Screen2.storyboard in Resources */,
				99145B9B22F94DF4008C0A69 /* Assets.xcassets in Resources */,
				99145B9922F94DF3008C0A69 /* Main.storyboard in Resources */,
			);
			runOnlyForDeploymentPostprocessing = 0;
		};
		99145BA222F94DF5008C0A69 /* Resources */ = {
			isa = PBXResourcesBuildPhase;
			buildActionMask = 2147483647;
			files = (
			);
			runOnlyForDeploymentPostprocessing = 0;
		};
		99145BAD22F94DF5008C0A69 /* Resources */ = {
			isa = PBXResourcesBuildPhase;
			buildActionMask = 2147483647;
			files = (
			);
			runOnlyForDeploymentPostprocessing = 0;
		};
/* End PBXResourcesBuildPhase section */

/* Begin PBXSourcesBuildPhase section */
		99145B8C22F94DF3008C0A69 /* Sources */ = {
			isa = PBXSourcesBuildPhase;
			buildActionMask = 2147483647;
			files = (
				99145B9622F94DF3008C0A69 /* ViewController.swift in Sources */,
				99145B9422F94DF3008C0A69 /* AppDelegate.swift in Sources */,
			);
			runOnlyForDeploymentPostprocessing = 0;
		};
		99145BA022F94DF5008C0A69 /* Sources */ = {
			isa = PBXSourcesBuildPhase;
			buildActionMask = 2147483647;
			files = (
				99145BA922F94DF5008C0A69 /* HelloWorldTests.swift in Sources */,
			);
			runOnlyForDeploymentPostprocessing = 0;
		};
		99145BAB22F94DF5008C0A69 /* Sources */ = {
			isa = PBXSourcesBuildPhase;
			buildActionMask = 2147483647;
			files = (
				99145BB422F94DF5008C0A69 /* HelloWorldUITests.swift in Sources */,
			);
			runOnlyForDeploymentPostprocessing = 0;
		};
/* End PBXSourcesBuildPhase section */

/* Begin PBXTargetDependency section */
		99145BA622F94DF5008C0A69 /* PBXTargetDependency */ = {
			isa = PBXTargetDependency;
			target = 99145B8F22F94DF3008C0A69 /* HelloWorld */;
			targetProxy = 99145BA522F94DF5008C0A69 /* PBXContainerItemProxy */;
		};
		99145BB122F94DF5008C0A69 /* PBXTargetDependency */ = {
			isa = PBXTargetDependency;
			target = 99145B8F22F94DF3008C0A69 /* HelloWorld */;
			targetProxy = 99145BB022F94DF5008C0A69 /* PBXContainerItemProxy */;
		};
/* End PBXTargetDependency section */

/* Begin PBXVariantGroup section */
		99145B9722F94DF3008C0A69 /* Main.storyboard */ = {
			isa = PBXVariantGroup;
			children = (
				99145B9822F94DF3008C0A69 /* Base */,
			);
			name = Main.storyboard;
			sourceTree = "<group>";
		};
		99145B9C22F94DF4008C0A69 /* LaunchScreen.storyboard */ = {
			isa = PBXVariantGroup;
			children = (
				99145B9D22F94DF4008C0A69 /* Base */,
			);
			name = LaunchScreen.storyboard;
			sourceTree = "<group>";
		};
/* End PBXVariantGroup section */

/* Begin XCBuildConfiguration section */
		99145BB622F94DF5008C0A69 /* Debug */ = {
			isa = XCBuildConfiguration;
			buildSettings = {
				ALWAYS_SEARCH_USER_PATHS = NO;
				CLANG_ANALYZER_NONNULL = YES;
				CLANG_ANALYZER_NUMBER_OBJECT_CONVERSION = YES_AGGRESSIVE;
				CLANG_CXX_LANGUAGE_STANDARD = "gnu++14";
				CLANG_CXX_LIBRARY = "libc++";
				CLANG_ENABLE_MODULES = YES;
				CLANG_ENABLE_OBJC_ARC = YES;
				CLANG_ENABLE_OBJC_WEAK = YES;
				CLANG_WARN_BLOCK_CAPTURE_AUTORELEASING = YES;
				CLANG_WARN_BOOL_CONVERSION = YES;
				CLANG_WARN_COMMA = YES;
				CLANG_WARN_CONSTANT_CONVERSION = YES;
				CLANG_WARN_DEPRECATED_OBJC_IMPLEMENTATIONS = YES;
				CLANG_WARN_DIRECT_OBJC_ISA_USAGE = YES_ERROR;
				CLANG_WARN_DOCUMENTATION_COMMENTS = YES;
				CLANG_WARN_EMPTY_BODY = YES;
				CLANG_WARN_ENUM_CONVERSION = YES;
				CLANG_WARN_INFINITE_RECURSION = YES;
				CLANG_WARN_INT_CONVERSION = YES;
				CLANG_WARN_NON_LITERAL_NULL_CONVERSION = YES;
				CLANG_WARN_OBJC_IMPLICIT_RETAIN_SELF = YES;
				CLANG_WARN_OBJC_LITERAL_CONVERSION = YES;
				CLANG_WARN_OBJC_ROOT_CLASS = YES_ERROR;
				CLANG_WARN_RANGE_LOOP_ANALYSIS = YES;
				CLANG_WARN_STRICT_PROTOTYPES = YES;
				CLANG_WARN_SUSPICIOUS_MOVE = YES;
				CLANG_WARN_UNGUARDED_AVAILABILITY = YES_AGGRESSIVE;
				CLANG_WARN_UNREACHABLE_CODE = YES;
				CLANG_WARN__DUPLICATE_METHOD_MATCH = YES;
				CODE_SIGN_IDENTITY = "iPhone Developer";
				COPY_PHASE_STRIP = NO;
				DEBUG_INFORMATION_FORMAT = dwarf;
				ENABLE_STRICT_OBJC_MSGSEND = YES;
				ENABLE_TESTABILITY = YES;
				GCC_C_LANGUAGE_STANDARD = gnu11;
				GCC_DYNAMIC_NO_PIC = NO;
				GCC_NO_COMMON_BLOCKS = YES;
				GCC_OPTIMIZATION_LEVEL = 0;
				GCC_PREPROCESSOR_DEFINITIONS = (
					"DEBUG=1",
					"$(inherited)",
				);
				GCC_WARN_64_TO_32_BIT_CONVERSION = YES;
				GCC_WARN_ABOUT_RETURN_TYPE = YES_ERROR;
				GCC_WARN_UNDECLARED_SELECTOR = YES;
				GCC_WARN_UNINITIALIZED_AUTOS = YES_AGGRESSIVE;
				GCC_WARN_UNUSED_FUNCTION = YES;
				GCC_WARN_UNUSED_VARIABLE = YES;
				IPHONEOS_DEPLOYMENT_TARGET = 12.4;
				MTL_ENABLE_DEBUG_INFO = INCLUDE_SOURCE;
				MTL_FAST_MATH = YES;
				ONLY_ACTIVE_ARCH = YES;
				SDKROOT = iphoneos;
				SWIFT_ACTIVE_COMPILATION_CONDITIONS = DEBUG;
				SWIFT_OPTIMIZATION_LEVEL = "-Onone";
			};
			name = Debug;
		};
		99145BB722F94DF5008C0A69 /* Release */ = {
			isa = XCBuildConfiguration;
			buildSettings = {
				ALWAYS_SEARCH_USER_PATHS = NO;
				CLANG_ANALYZER_NONNULL = YES;
				CLANG_ANALYZER_NUMBER_OBJECT_CONVERSION = YES_AGGRESSIVE;
				CLANG_CXX_LANGUAGE_STANDARD = "gnu++14";
				CLANG_CXX_LIBRARY = "libc++";
				CLANG_ENABLE_MODULES = YES;
				CLANG_ENABLE_OBJC_ARC = YES;
				CLANG_ENABLE_OBJC_WEAK = YES;
				CLANG_WARN_BLOCK_CAPTURE_AUTORELEASING = YES;
				CLANG_WARN_BOOL_CONVERSION = YES;
				CLANG_WARN_COMMA = YES;
				CLANG_WARN_CONSTANT_CONVERSION = YES;
				CLANG_WARN_DEPRECATED_OBJC_IMPLEMENTATIONS = YES;
				CLANG_WARN_DIRECT_OBJC_ISA_USAGE = YES_ERROR;
				CLANG_WARN_DOCUMENTATION_COMMENTS = YES;
				CLANG_WARN_EMPTY_BODY = YES;
				CLANG_WARN_ENUM_CONVERSION = YES;
				CLANG_WARN_INFINITE_RECURSION = YES;
				CLANG_WARN_INT_CONVERSION = YES;
				CLANG_WARN_NON_LITERAL_NULL_CONVERSION = YES;
				CLANG_WARN_OBJC_IMPLICIT_RETAIN_SELF = YES;
				CLANG_WARN_OBJC_LITERAL_CONVERSION = YES;
				CLANG_WARN_OBJC_ROOT_CLASS = YES_ERROR;
				CLANG_WARN_RANGE_LOOP_ANALYSIS = YES;
				CLANG_WARN_STRICT_PROTOTYPES = YES;
				CLANG_WARN_SUSPICIOUS_MOVE = YES;
				CLANG_WARN_UNGUARDED_AVAILABILITY = YES_AGGRESSIVE;
				CLANG_WARN_UNREACHABLE_CODE = YES;
				CLANG_WARN__DUPLICATE_METHOD_MATCH = YES;
				CODE_SIGN_IDENTITY = "iPhone Developer";
				COPY_PHASE_STRIP = NO;
				DEBUG_INFORMATION_FORMAT = "dwarf-with-dsym";
				ENABLE_NS_ASSERTIONS = NO;
				ENABLE_STRICT_OBJC_MSGSEND = YES;
				GCC_C_LANGUAGE_STANDARD = gnu11;
				GCC_NO_COMMON_BLOCKS = YES;
				GCC_WARN_64_TO_32_BIT_CONVERSION = YES;
				GCC_WARN_ABOUT_RETURN_TYPE = YES_ERROR;
				GCC_WARN_UNDECLARED_SELECTOR = YES;
				GCC_WARN_UNINITIALIZED_AUTOS = YES_AGGRESSIVE;
				GCC_WARN_UNUSED_FUNCTION = YES;
				GCC_WARN_UNUSED_VARIABLE = YES;
				IPHONEOS_DEPLOYMENT_TARGET = 12.4;
				MTL_ENABLE_DEBUG_INFO = NO;
				MTL_FAST_MATH = YES;
				SDKROOT = iphoneos;
				SWIFT_COMPILATION_MODE = wholemodule;
				SWIFT_OPTIMIZATION_LEVEL = "-O";
				VALIDATE_PRODUCT = YES;
			};
			name = Release;
		};
		99145BB922F94DF5008C0A69 /* Debug */ = {
			isa = XCBuildConfiguration;
			buildSettings = {
				ASSETCATALOG_COMPILER_APPICON_NAME = AppIcon;
				CODE_SIGN_STYLE = Automatic;
				INFOPLIST_FILE = HelloWorld/Info.plist;
				LD_RUNPATH_SEARCH_PATHS = (
					"$(inherited)",
					"@executable_path/Frameworks",
				);
				PRODUCT_BUNDLE_IDENTIFIER = kr.co.Practice.HelloWorld;
				PRODUCT_NAME = "$(TARGET_NAME)";
				SWIFT_VERSION = 5.0;
				TARGETED_DEVICE_FAMILY = "1,2";
			};
			name = Debug;
		};
		99145BBA22F94DF5008C0A69 /* Release */ = {
			isa = XCBuildConfiguration;
			buildSettings = {
				ASSETCATALOG_COMPILER_APPICON_NAME = AppIcon;
				CODE_SIGN_STYLE = Automatic;
				INFOPLIST_FILE = HelloWorld/Info.plist;
				LD_RUNPATH_SEARCH_PATHS = (
					"$(inherited)",
					"@executable_path/Frameworks",
				);
				PRODUCT_BUNDLE_IDENTIFIER = kr.co.Practice.HelloWorld;
				PRODUCT_NAME = "$(TARGET_NAME)";
				SWIFT_VERSION = 5.0;
				TARGETED_DEVICE_FAMILY = "1,2";
			};
			name = Release;
		};
		99145BBC22F94DF5008C0A69 /* Debug */ = {
			isa = XCBuildConfiguration;
			buildSettings = {
				ALWAYS_EMBED_SWIFT_STANDARD_LIBRARIES = YES;
				BUNDLE_LOADER = "$(TEST_HOST)";
				CODE_SIGN_STYLE = Automatic;
				INFOPLIST_FILE = HelloWorldTests/Info.plist;
				LD_RUNPATH_SEARCH_PATHS = (
					"$(inherited)",
					"@executable_path/Frameworks",
					"@loader_path/Frameworks",
				);
				PRODUCT_BUNDLE_IDENTIFIER = kr.co.Practice.HelloWorldTests;
				PRODUCT_NAME = "$(TARGET_NAME)";
				SWIFT_VERSION = 5.0;
				TARGETED_DEVICE_FAMILY = "1,2";
				TEST_HOST = "$(BUILT_PRODUCTS_DIR)/HelloWorld.app/HelloWorld";
			};
			name = Debug;
		};
		99145BBD22F94DF5008C0A69 /* Release */ = {
			isa = XCBuildConfiguration;
			buildSettings = {
				ALWAYS_EMBED_SWIFT_STANDARD_LIBRARIES = YES;
				BUNDLE_LOADER = "$(TEST_HOST)";
				CODE_SIGN_STYLE = Automatic;
				INFOPLIST_FILE = HelloWorldTests/Info.plist;
				LD_RUNPATH_SEARCH_PATHS = (
					"$(inherited)",
					"@executable_path/Frameworks",
					"@loader_path/Frameworks",
				);
				PRODUCT_BUNDLE_IDENTIFIER = kr.co.Practice.HelloWorldTests;
				PRODUCT_NAME = "$(TARGET_NAME)";
				SWIFT_VERSION = 5.0;
				TARGETED_DEVICE_FAMILY = "1,2";
				TEST_HOST = "$(BUILT_PRODUCTS_DIR)/HelloWorld.app/HelloWorld";
			};
			name = Release;
		};
		99145BBF22F94DF5008C0A69 /* Debug */ = {
			isa = XCBuildConfiguration;
			buildSettings = {
				ALWAYS_EMBED_SWIFT_STANDARD_LIBRARIES = YES;
				CODE_SIGN_STYLE = Automatic;
				INFOPLIST_FILE = HelloWorldUITests/Info.plist;
				LD_RUNPATH_SEARCH_PATHS = (
					"$(inherited)",
					"@executable_path/Frameworks",
					"@loader_path/Frameworks",
				);
				PRODUCT_BUNDLE_IDENTIFIER = kr.co.Practice.HelloWorldUITests;
				PRODUCT_NAME = "$(TARGET_NAME)";
				SWIFT_VERSION = 5.0;
				TARGETED_DEVICE_FAMILY = "1,2";
				TEST_TARGET_NAME = HelloWorld;
			};
			name = Debug;
		};
		99145BC022F94DF5008C0A69 /* Release */ = {
			isa = XCBuildConfiguration;
			buildSettings = {
				ALWAYS_EMBED_SWIFT_STANDARD_LIBRARIES = YES;
				CODE_SIGN_STYLE = Automatic;
				INFOPLIST_FILE = HelloWorldUITests/Info.plist;
				LD_RUNPATH_SEARCH_PATHS = (
					"$(inherited)",
					"@executable_path/Frameworks",
					"@loader_path/Frameworks",
				);
				PRODUCT_BUNDLE_IDENTIFIER = kr.co.Practice.HelloWorldUITests;
				PRODUCT_NAME = "$(TARGET_NAME)";
				SWIFT_VERSION = 5.0;
				TARGETED_DEVICE_FAMILY = "1,2";
				TEST_TARGET_NAME = HelloWorld;
			};
			name = Release;
		};
/* End XCBuildConfiguration section */

/* Begin XCConfigurationList section */
		99145B8B22F94DF2008C0A69 /* Build configuration list for PBXProject "HelloWorld" */ = {
			isa = XCConfigurationList;
			buildConfigurations = (
				99145BB622F94DF5008C0A69 /* Debug */,
				99145BB722F94DF5008C0A69 /* Release */,
			);
			defaultConfigurationIsVisible = 0;
			defaultConfigurationName = Release;
		};
		99145BB822F94DF5008C0A69 /* Build configuration list for PBXNativeTarget "HelloWorld" */ = {
			isa = XCConfigurationList;
			buildConfigurations = (
				99145BB922F94DF5008C0A69 /* Debug */,
				99145BBA22F94DF5008C0A69 /* Release */,
			);
			defaultConfigurationIsVisible = 0;
			defaultConfigurationName = Release;
		};
		99145BBB22F94DF5008C0A69 /* Build configuration list for PBXNativeTarget "HelloWorldTests" */ = {
			isa = XCConfigurationList;
			buildConfigurations = (
				99145BBC22F94DF5008C0A69 /* Debug */,
				99145BBD22F94DF5008C0A69 /* Release */,
			);
			defaultConfigurationIsVisible = 0;
			defaultConfigurationName = Release;
		};
		99145BBE22F94DF5008C0A69 /* Build configuration list for PBXNativeTarget "HelloWorldUITests" */ = {
			isa = XCConfigurationList;
			buildConfigurations = (
				99145BBF22F94DF5008C0A69 /* Debug */,
				99145BC022F94DF5008C0A69 /* Release */,
			);
			defaultConfigurationIsVisible = 0;
			defaultConfigurationName = Release;
		};
/* End XCConfigurationList section */
	};
	rootObject = 99145B8822F94DF2008C0A69 /* Project object */;
}
